
Microsoft Visual Studio Solution File, Format Version 12.00
# Visual Studio Version 17
VisualStudioVersion = 17.7.34024.191
MinimumVisualStudioVersion = 10.0.40219.1
Project("{9A19103F-16F7-4668-BE54-9A1E7A4F7556}") = "ViaProxy", "ViaProxy.csproj", "{F8BBAADA-A16F-4193-93F3-F86D22A60A73}"
EndProject
Global
	GlobalSection(SolutionConfigurationPlatforms) = preSolution
		Debug|Any CPU = Debug|Any CPU
		Release|Any CPU = Release|Any CPU
	EndGlobalSection
	GlobalSection(ProjectConfigurationPlatforms) = postSolution
		{F8BBAADA-A16F-4193-93F3-F86D22A60A73}.Debug|Any CPU.ActiveCfg = Debug|Any CPU
		{F8BBAADA-A16F-4193-93F3-F86D22A60A73}.Debug|Any CPU.Build.0 = Debug|Any CPU
		{F8BBAADA-A16F-4193-93F3-F86D22A60A73}.Release|Any CPU.ActiveCfg = Release|Any CPU
		{F8BBAADA-A16F-4193-93F3-F86D22A60A73}.Release|Any CPU.Build.0 = Release|Any CPU
	EndGlobalSection
	GlobalSection(SolutionProperties) = preSolution
		HideSolutionNode = FALSE
	EndGlobalSection
	GlobalSection(ExtensibilityGlobals) = postSolution
		SolutionGuid = {2B111BB0-137D-4F48-BDD6-E638FC1FB0F4}
	EndGlobalSection
EndGlobal
